<?xml version="1.0" encoding="utf-8"?>
<Project ToolsVersion="4.0" xmlns="http://schemas.microsoft.com/developer/msbuild/2003">
  <ItemGroup>
    <Filter Include="Fichiers sources">
      <UniqueIdentifier>{4FC737F1-C7A5-4376-A066-2A32D752A2FF}</UniqueIdentifier>
      <Extensions>cpp;c;cc;cxx;c++;cppm;ixx;def;odl;idl;hpj;bat;asm;asmx</Extensions>
    </Filter>
    <Filter Include="Fichiers d%27en-tête">
      <UniqueIdentifier>{93995380-89BD-4b04-88EB-625FBE52EBFB}</UniqueIdentifier>
      <Extensions>h;hh;hpp;hxx;h++;hm;inl;inc;ipp;xsd</Extensions>
    </Filter>
    <Filter Include="Fichiers de ressources">
      <UniqueIdentifier>{67DA6AB6-F800-4c08-8B7A-83BB121AAD01}</UniqueIdentifier>
      <Extensions>rc;ico;cur;bmp;dlg;rc2;rct;bin;rgs;gif;jpg;jpeg;jpe;resx;tiff;tif;png;wav;mfcribbon-ms</Extensions>
    </Filter>
    <Filter Include="Fichiers d%27en-tête\ABR_AVL">
      <UniqueIdentifier>{f9df334a-7930-4089-9f33-c58392ee16db}</UniqueIdentifier>
    </Filter>
    <Filter Include="Fichiers sources\ABR_AVL">
      <UniqueIdentifier>{e934978f-fdc2-4802-8b3b-6c0b60d59642}</UniqueIdentifier>
    </Filter>
    <Filter Include="Fichiers d%27en-tête\DataSet">
      <UniqueIdentifier>{563f7d42-837a-4301-aca1-aeca34cc621e}</UniqueIdentifier>
    </Filter>
    <Filter Include="Fichiers sources\DataSet">
      <UniqueIdentifier>{399863f3-fc99-43e8-bc6b-069d34b0e6dc}</UniqueIdentifier>
    </Filter>
    <Filter Include="Fichiers d%27en-tête\Tree">
      <UniqueIdentifier>{7378fc38-603b-4694-ac60-59b7387b8262}</UniqueIdentifier>
    </Filter>
    <Filter Include="Fichiers d%27en-tête\Split">
      <UniqueIdentifier>{615e1af3-1a22-4d54-9405-0f80c97eca3b}</UniqueIdentifier>
    </Filter>
    <Filter Include="Fichiers sources\Split">
      <UniqueIdentifier>{aab5add3-0a5e-4d89-9b9b-bedaec9dbddf}</UniqueIdentifier>
    </Filter>
    <Filter Include="Fichiers sources\Tree">
      <UniqueIdentifier>{043c04ed-ace7-44f1-9f6c-5cbdb3220761}</UniqueIdentifier>
    </Filter>
    <Filter Include="Fichiers sources\Forest">
      <UniqueIdentifier>{f8f85cf0-bbf8-4598-be5e-20154acda783}</UniqueIdentifier>
    </Filter>
    <Filter Include="Fichiers d%27en-tête\Forest">
      <UniqueIdentifier>{21b3f903-b435-480d-b013-e18ebbefad02}</UniqueIdentifier>
    </Filter>
  </ItemGroup>
  <ItemGroup>
    <ClInclude Include="Dataset_h.h">
      <Filter>Fichiers d%27en-tête\DataSet</Filter>
    </ClInclude>
    <ClInclude Include="Settings.h">
      <Filter>Fichiers d%27en-tête</Filter>
    </ClInclude>
    <ClInclude Include="ABR_h.h">
      <Filter>Fichiers d%27en-tête\ABR_AVL</Filter>
    </ClInclude>
    <ClInclude Include="DecisionTree_h.h">
      <Filter>Fichiers d%27en-tête\Tree</Filter>
    </ClInclude>
    <ClInclude Include="IAdelaforet_h.h">
      <Filter>Fichiers d%27en-tête\Tree</Filter>
    </ClInclude>
    <ClInclude Include="Split_h.h">
      <Filter>Fichiers d%27en-tête\Split</Filter>
    </ClInclude>
    <ClInclude Include="RandomForest_h.h">
      <Filter>Fichiers d%27en-tête\Forest</Filter>
    </ClInclude>
  </ItemGroup>
  <ItemGroup>
    <ClCompile Include="main.c">
      <Filter>Fichiers sources</Filter>
    </ClCompile>
    <ClCompile Include="Dataset_c.c">
      <Filter>Fichiers sources\DataSet</Filter>
    </ClCompile>
    <ClCompile Include="ABR_c.c">
      <Filter>Fichiers sources\ABR_AVL</Filter>
    </ClCompile>
    <ClCompile Include="Split_c.c">
      <Filter>Fichiers sources\Split</Filter>
    </ClCompile>
    <ClCompile Include="DecisionTree_c.c">
      <Filter>Fichiers sources\Tree</Filter>
    </ClCompile>
    <ClCompile Include="IAdelaforet_c.c">
      <Filter>Fichiers sources\Tree</Filter>
    </ClCompile>
    <ClCompile Include="RandomForest_c.c">
      <Filter>Fichiers sources\Forest</Filter>
    </ClCompile>
  </ItemGroup>
</Project>